
Microsoft Visual Studio Solution File, Format Version 12.00
# Visual Studio 2013
VisualStudioVersion = 12.0.31101.0
MinimumVisualStudioVersion = 10.0.40219.1
Project("{8BC9CEB8-8B4A-11D0-8D11-00A0C91BC942}") = "guidsys", "guidsys\guidsys.vcxproj", "{8C142CD0-D15F-466E-8078-D6F48631F412}"
EndProject
Project("{8BC9CEB8-8B4A-11D0-8D11-00A0C91BC942}") = "gce_actor", "..\dep\gce\build\libs\actor\gce_actor.vcxproj", "{F4D79DDC-32A3-4094-93A9-C63833FB6AB8}"
EndProject
Project("{8BC9CEB8-8B4A-11D0-8D11-00A0C91BC942}") = "gce_asio", "..\dep\gce\build\libs\asio\gce_asio.vcxproj", "{AA80E5A3-9BF9-46BE-8179-9E5B6FF935D2}"
EndProject
Global
	GlobalSection(SolutionConfigurationPlatforms) = preSolution
		Debug|Win32 = Debug|Win32
		MinSizeRel|Win32 = MinSizeRel|Win32
		Release|Win32 = Release|Win32
		RelWithDebInfo|Win32 = RelWithDebInfo|Win32
	EndGlobalSection
	GlobalSection(ProjectConfigurationPlatforms) = postSolution
		{8C142CD0-D15F-466E-8078-D6F48631F412}.Debug|Win32.ActiveCfg = Debug|Win32
		{8C142CD0-D15F-466E-8078-D6F48631F412}.Debug|Win32.Build.0 = Debug|Win32
		{8C142CD0-D15F-466E-8078-D6F48631F412}.MinSizeRel|Win32.ActiveCfg = Release|Win32
		{8C142CD0-D15F-466E-8078-D6F48631F412}.MinSizeRel|Win32.Build.0 = Release|Win32
		{8C142CD0-D15F-466E-8078-D6F48631F412}.Release|Win32.ActiveCfg = Release|Win32
		{8C142CD0-D15F-466E-8078-D6F48631F412}.Release|Win32.Build.0 = Release|Win32
		{8C142CD0-D15F-466E-8078-D6F48631F412}.RelWithDebInfo|Win32.ActiveCfg = Release|Win32
		{8C142CD0-D15F-466E-8078-D6F48631F412}.RelWithDebInfo|Win32.Build.0 = Release|Win32
		{F4D79DDC-32A3-4094-93A9-C63833FB6AB8}.Debug|Win32.ActiveCfg = Debug|Win32
		{F4D79DDC-32A3-4094-93A9-C63833FB6AB8}.Debug|Win32.Build.0 = Debug|Win32
		{F4D79DDC-32A3-4094-93A9-C63833FB6AB8}.MinSizeRel|Win32.ActiveCfg = MinSizeRel|Win32
		{F4D79DDC-32A3-4094-93A9-C63833FB6AB8}.MinSizeRel|Win32.Build.0 = MinSizeRel|Win32
		{F4D79DDC-32A3-4094-93A9-C63833FB6AB8}.Release|Win32.ActiveCfg = Release|Win32
		{F4D79DDC-32A3-4094-93A9-C63833FB6AB8}.Release|Win32.Build.0 = Release|Win32
		{F4D79DDC-32A3-4094-93A9-C63833FB6AB8}.RelWithDebInfo|Win32.ActiveCfg = RelWithDebInfo|Win32
		{F4D79DDC-32A3-4094-93A9-C63833FB6AB8}.RelWithDebInfo|Win32.Build.0 = RelWithDebInfo|Win32
		{AA80E5A3-9BF9-46BE-8179-9E5B6FF935D2}.Debug|Win32.ActiveCfg = Debug|Win32
		{AA80E5A3-9BF9-46BE-8179-9E5B6FF935D2}.Debug|Win32.Build.0 = Debug|Win32
		{AA80E5A3-9BF9-46BE-8179-9E5B6FF935D2}.MinSizeRel|Win32.ActiveCfg = MinSizeRel|Win32
		{AA80E5A3-9BF9-46BE-8179-9E5B6FF935D2}.MinSizeRel|Win32.Build.0 = MinSizeRel|Win32
		{AA80E5A3-9BF9-46BE-8179-9E5B6FF935D2}.Release|Win32.ActiveCfg = Release|Win32
		{AA80E5A3-9BF9-46BE-8179-9E5B6FF935D2}.Release|Win32.Build.0 = Release|Win32
		{AA80E5A3-9BF9-46BE-8179-9E5B6FF935D2}.RelWithDebInfo|Win32.ActiveCfg = RelWithDebInfo|Win32
		{AA80E5A3-9BF9-46BE-8179-9E5B6FF935D2}.RelWithDebInfo|Win32.Build.0 = RelWithDebInfo|Win32
	EndGlobalSection
	GlobalSection(SolutionProperties) = preSolution
		HideSolutionNode = FALSE
	EndGlobalSection
EndGlobal
